
Microsoft Visual Studio Solution File, Format Version 12.00
# Visual Studio Version 16
VisualStudioVersion = 16.0.30523.141
MinimumVisualStudioVersion = 10.0.40219.1
Project("{9A19103F-16F7-4668-BE54-9A1E7A4F7556}") = "Dio_Bank_MVC", "Dio_Bank_MVC\Dio_Bank_MVC.csproj", "{2DA7370F-74F7-4FFA-824E-28221BDDA26D}"
EndProject
Global
	GlobalSection(SolutionConfigurationPlatforms) = preSolution
		Debug|Any CPU = Debug|Any CPU
		Release|Any CPU = Release|Any CPU
	EndGlobalSection
	GlobalSection(ProjectConfigurationPlatforms) = postSolution
		{2DA7370F-74F7-4FFA-824E-28221BDDA26D}.Debug|Any CPU.ActiveCfg = Debug|Any CPU
		{2DA7370F-74F7-4FFA-824E-28221BDDA26D}.Debug|Any CPU.Build.0 = Debug|Any CPU
		{2DA7370F-74F7-4FFA-824E-28221BDDA26D}.Release|Any CPU.ActiveCfg = Release|Any CPU
		{2DA7370F-74F7-4FFA-824E-28221BDDA26D}.Release|Any CPU.Build.0 = Release|Any CPU
	EndGlobalSection
	GlobalSection(SolutionProperties) = preSolution
		HideSolutionNode = FALSE
	EndGlobalSection
	GlobalSection(ExtensibilityGlobals) = postSolution
		SolutionGuid = {CE9AE9A0-5DB4-428A-AB25-8A710BDA162E}
	EndGlobalSection
EndGlobal
